
Microsoft Visual Studio Solution File, Format Version 12.00
# Visual Studio Version 16
VisualStudioVersion = 16.0.30523.141
MinimumVisualStudioVersion = 10.0.40219.1
Project("{FAE04EC0-301F-11D3-BF4B-00C04F79EFBC}") = "Asaftei_Nicoleta_Lab5", "Asaftei_Nicoleta_Lab5.csproj", "{F2D604E4-9925-44AE-B1F7-EC7C608A6C81}"
EndProject
Global
	GlobalSection(SolutionConfigurationPlatforms) = preSolution
		Debug|Any CPU = Debug|Any CPU
		Release|Any CPU = Release|Any CPU
	EndGlobalSection
	GlobalSection(ProjectConfigurationPlatforms) = postSolution
		{F2D604E4-9925-44AE-B1F7-EC7C608A6C81}.Debug|Any CPU.ActiveCfg = Debug|Any CPU
		{F2D604E4-9925-44AE-B1F7-EC7C608A6C81}.Debug|Any CPU.Build.0 = Debug|Any CPU
		{F2D604E4-9925-44AE-B1F7-EC7C608A6C81}.Release|Any CPU.ActiveCfg = Release|Any CPU
		{F2D604E4-9925-44AE-B1F7-EC7C608A6C81}.Release|Any CPU.Build.0 = Release|Any CPU
	EndGlobalSection
	GlobalSection(SolutionProperties) = preSolution
		HideSolutionNode = FALSE
	EndGlobalSection
	GlobalSection(ExtensibilityGlobals) = postSolution
		SolutionGuid = {5632A50E-994D-4CF4-9B4C-EB0F618E41A3}
	EndGlobalSection
EndGlobal
